{
  "requires": true,
  "lockfileVersion": 1,
  "dependencies": {
    "@fullcalendar/common": {
      "version": "5.11.0",
      "resolved": "https://registry.npmjs.org/@fullcalendar/common/-/common-5.11.0.tgz",
      "integrity": "sha512-gWjbMAnN1u73Oqlgjbyky7i+3bY0hvFSnGT0YBPx44n874AkQa9e9OU12PMLTMOPy0tXPb8DEwRelFQ7CJNbcw==",
      "requires": {
        "tslib": "^2.1.0"
      }
    },
    "@fullcalendar/daygrid": {
      "version": "5.11.0",
      "resolved": "https://registry.npmjs.org/@fullcalendar/daygrid/-/daygrid-5.11.0.tgz",
      "integrity": "sha512-Ybh/dfHn/VL0qOVIRVyJc9I8oYiqqHl6xQONk8xXCe456QbPzAQLsAxpLLJLH+3smWNCfoQgvDKzR9e9XTzLMQ==",
      "requires": {
        "@fullcalendar/common": "~5.11.0",
        "tslib": "^2.1.0"
      }
    },
    "@fullcalendar/react": {
      "version": "5.11.1",
      "resolved": "https://registry.npmjs.org/@fullcalendar/react/-/react-5.11.1.tgz",
      "integrity": "sha512-Mjuz90gzX6MLU0rdr5CVoqQA5vFM9JpHDIFmvlLaY8SvdK0R5BwNhquRJP7D2L2q0XKGyzo+/FBOZ+PFXe7jGA==",
      "requires": {
        "@fullcalendar/common": "~5.11.0",
        "tslib": "^2.1.0"
      }
    },
    "tslib": {
      "version": "2.4.0",
      "resolved": "https://registry.npmjs.org/tslib/-/tslib-2.4.0.tgz",
      "integrity": "sha512-d6xOpEDfsi2CZVlPQzGeux8XMwLT9hssAsaPYExaQMuYskwb+x1x7J371tWlbBdWHroy99KnVB6qIkUbs5X3UQ=="
    }
  }
}
